
Microsoft Visual Studio Solution File, Format Version 12.00
# Visual Studio Version 16
VisualStudioVersion = 16.0.31019.35
MinimumVisualStudioVersion = 10.0.40219.1
Project("{2150E333-8FDC-42A3-9474-1A3956D46DE8}") = "2.Application", "2.Application", "{F3E74215-6E85-4765-B416-6BDB668F017E}"
EndProject
Project("{2150E333-8FDC-42A3-9474-1A3956D46DE8}") = "3.Domain", "3.Domain", "{B33E9317-5A6A-498B-925D-924366737EA6}"
EndProject
Project("{2150E333-8FDC-42A3-9474-1A3956D46DE8}") = "4.Infra", "4.Infra", "{A9F83761-73E7-4B1B-9048-D6DFD9CB4A93}"
EndProject
Project("{2150E333-8FDC-42A3-9474-1A3956D46DE8}") = "1.Web", "1.Web", "{37DE9154-E246-4457-A4D8-F6950BC2A063}"
EndProject
Project("{FAE04EC0-301F-11D3-BF4B-00C04F79EFBC}") = "ContactApplication.Web", "ContactApplication.Web\ContactApplication.Web.csproj", "{8FC47101-3FBB-4D5C-9768-0E77AFA1FA19}"
EndProject
Project("{FAE04EC0-301F-11D3-BF4B-00C04F79EFBC}") = "ContactApplication.Application", "ContactApplication.Application\ContactApplication.Application.csproj", "{E751BAF2-EE39-4871-B8DC-CC282D832DAE}"
EndProject
Project("{FAE04EC0-301F-11D3-BF4B-00C04F79EFBC}") = "ContactApplication.Domain", "ContactApplication.Domain\ContactApplication.Domain.csproj", "{0D025934-B766-48DF-B027-68B25F0D9C1A}"
EndProject
Project("{FAE04EC0-301F-11D3-BF4B-00C04F79EFBC}") = "ContactApplication.Infra", "ContactApplication.Infra\ContactApplication.Infra.csproj", "{6529570F-C610-4C98-A893-7926AE1713D4}"
EndProject
Global
	GlobalSection(SolutionConfigurationPlatforms) = preSolution
		Debug|Any CPU = Debug|Any CPU
		Release|Any CPU = Release|Any CPU
	EndGlobalSection
	GlobalSection(ProjectConfigurationPlatforms) = postSolution
		{8FC47101-3FBB-4D5C-9768-0E77AFA1FA19}.Debug|Any CPU.ActiveCfg = Debug|Any CPU
		{8FC47101-3FBB-4D5C-9768-0E77AFA1FA19}.Debug|Any CPU.Build.0 = Debug|Any CPU
		{8FC47101-3FBB-4D5C-9768-0E77AFA1FA19}.Release|Any CPU.ActiveCfg = Release|Any CPU
		{8FC47101-3FBB-4D5C-9768-0E77AFA1FA19}.Release|Any CPU.Build.0 = Release|Any CPU
		{E751BAF2-EE39-4871-B8DC-CC282D832DAE}.Debug|Any CPU.ActiveCfg = Debug|Any CPU
		{E751BAF2-EE39-4871-B8DC-CC282D832DAE}.Debug|Any CPU.Build.0 = Debug|Any CPU
		{E751BAF2-EE39-4871-B8DC-CC282D832DAE}.Release|Any CPU.ActiveCfg = Release|Any CPU
		{E751BAF2-EE39-4871-B8DC-CC282D832DAE}.Release|Any CPU.Build.0 = Release|Any CPU
		{0D025934-B766-48DF-B027-68B25F0D9C1A}.Debug|Any CPU.ActiveCfg = Debug|Any CPU
		{0D025934-B766-48DF-B027-68B25F0D9C1A}.Debug|Any CPU.Build.0 = Debug|Any CPU
		{0D025934-B766-48DF-B027-68B25F0D9C1A}.Release|Any CPU.ActiveCfg = Release|Any CPU
		{0D025934-B766-48DF-B027-68B25F0D9C1A}.Release|Any CPU.Build.0 = Release|Any CPU
		{6529570F-C610-4C98-A893-7926AE1713D4}.Debug|Any CPU.ActiveCfg = Debug|Any CPU
		{6529570F-C610-4C98-A893-7926AE1713D4}.Debug|Any CPU.Build.0 = Debug|Any CPU
		{6529570F-C610-4C98-A893-7926AE1713D4}.Release|Any CPU.ActiveCfg = Release|Any CPU
		{6529570F-C610-4C98-A893-7926AE1713D4}.Release|Any CPU.Build.0 = Release|Any CPU
	EndGlobalSection
	GlobalSection(SolutionProperties) = preSolution
		HideSolutionNode = FALSE
	EndGlobalSection
	GlobalSection(NestedProjects) = preSolution
		{8FC47101-3FBB-4D5C-9768-0E77AFA1FA19} = {37DE9154-E246-4457-A4D8-F6950BC2A063}
		{E751BAF2-EE39-4871-B8DC-CC282D832DAE} = {F3E74215-6E85-4765-B416-6BDB668F017E}
		{0D025934-B766-48DF-B027-68B25F0D9C1A} = {B33E9317-5A6A-498B-925D-924366737EA6}
		{6529570F-C610-4C98-A893-7926AE1713D4} = {A9F83761-73E7-4B1B-9048-D6DFD9CB4A93}
	EndGlobalSection
	GlobalSection(ExtensibilityGlobals) = postSolution
		SolutionGuid = {C7535A35-FD72-4C7A-BD39-4C9360CF31C9}
	EndGlobalSection
EndGlobal
